// !$*UTF8*$!
{
	archiveVersion = 1;
	classes = {
	};
	objectVersion = 46;
	objects = {

/* Begin PBXBuildFile section */
		EDF2D26E1E62803A00D152E1 /* AppDelegate.swift in Sources */ = {isa = PBXBuildFile; fileRef = EDF2D26D1E62803A00D152E1 /* AppDelegate.swift */; };
		EDF2D2731E62803A00D152E1 /* Main.storyboard in Resources */ = {isa = PBXBuildFile; fileRef = EDF2D2711E62803A00D152E1 /* Main.storyboard */; };
		EDF2D2751E62803A00D152E1 /* Assets.xcassets in Resources */ = {isa = PBXBuildFile; fileRef = EDF2D2741E62803A00D152E1 /* Assets.xcassets */; };
		EDF2D2781E62803A00D152E1 /* LaunchScreen.storyboard in Resources */ = {isa = PBXBuildFile; fileRef = EDF2D2761E62803A00D152E1 /* LaunchScreen.storyboard */; };
		EDF2D2831E62803A00D152E1 /* BXPChatToolBarTests.swift in Sources */ = {isa = PBXBuildFile; fileRef = EDF2D2821E62803A00D152E1 /* BXPChatToolBarTests.swift */; };
		EDF2D28E1E62803A00D152E1 /* BXPChatToolBarUITests.swift in Sources */ = {isa = PBXBuildFile; fileRef = EDF2D28D1E62803A00D152E1 /* BXPChatToolBarUITests.swift */; };
		EDF2D3241E62809400D152E1 /* Assets.xcassets in Resources */ = {isa = PBXBuildFile; fileRef = EDF2D29E1E62809400D152E1 /* Assets.xcassets */; };
		EDF2D3251E62809400D152E1 /* BXPChatFaceCollectionViewCell.swift in Sources */ = {isa = PBXBuildFile; fileRef = EDF2D2A01E62809400D152E1 /* BXPChatFaceCollectionViewCell.swift */; };
		EDF2D3261E62809400D152E1 /* BXPChatFaceView.swift in Sources */ = {isa = PBXBuildFile; fileRef = EDF2D2A11E62809400D152E1 /* BXPChatFaceView.swift */; };
		EDF2D3271E62809400D152E1 /* BXPFaceItemModel.swift in Sources */ = {isa = PBXBuildFile; fileRef = EDF2D2A21E62809400D152E1 /* BXPFaceItemModel.swift */; };
		EDF2D3281E62809400D152E1 /* ChatSystemFaceConfig.plist in Resources */ = {isa = PBXBuildFile; fileRef = EDF2D2A31E62809400D152E1 /* ChatSystemFaceConfig.plist */; };
		EDF2D3291E62809400D152E1 /* 1.png in Resources */ = {isa = PBXBuildFile; fileRef = EDF2D2A51E62809400D152E1 /* 1.png */; };
		EDF2D32A1E62809400D152E1 /* 10.png in Resources */ = {isa = PBXBuildFile; fileRef = EDF2D2A61E62809400D152E1 /* 10.png */; };
		EDF2D32B1E62809400D152E1 /* 100.png in Resources */ = {isa = PBXBuildFile; fileRef = EDF2D2A71E62809400D152E1 /* 100.png */; };
		EDF2D32C1E62809400D152E1 /* 11.png in Resources */ = {isa = PBXBuildFile; fileRef = EDF2D2A81E62809400D152E1 /* 11.png */; };
		EDF2D32D1E62809400D152E1 /* 12.png in Resources */ = {isa = PBXBuildFile; fileRef = EDF2D2A91E62809400D152E1 /* 12.png */; };
		EDF2D32E1E62809400D152E1 /* 13.png in Resources */ = {isa = PBXBuildFile; fileRef = EDF2D2AA1E62809400D152E1 /* 13.png */; };
		EDF2D32F1E62809400D152E1 /* 14.png in Resources */ = {isa = PBXBuildFile; fileRef = EDF2D2AB1E62809400D152E1 /* 14.png */; };
		EDF2D3301E62809400D152E1 /* 15.png in Resources */ = {isa = PBXBuildFile; fileRef = EDF2D2AC1E62809400D152E1 /* 15.png */; };
		EDF2D3311E62809400D152E1 /* 16.png in Resources */ = {isa = PBXBuildFile; fileRef = EDF2D2AD1E62809400D152E1 /* 16.png */; };
		EDF2D3321E62809400D152E1 /* 17.png in Resources */ = {isa = PBXBuildFile; fileRef = EDF2D2AE1E62809400D152E1 /* 17.png */; };
		EDF2D3331E62809400D152E1 /* 18.png in Resources */ = {isa = PBXBuildFile; fileRef = EDF2D2AF1E62809400D152E1 /* 18.png */; };
		EDF2D3341E62809400D152E1 /* 19.png in Resources */ = {isa = PBXBuildFile; fileRef = EDF2D2B01E62809400D152E1 /* 19.png */; };
		EDF2D3351E62809400D152E1 /* 2.png in Resources */ = {isa = PBXBuildFile; fileRef = EDF2D2B11E62809400D152E1 /* 2.png */; };
		EDF2D3361E62809400D152E1 /* 20.png in Resources */ = {isa = PBXBuildFile; fileRef = EDF2D2B21E62809400D152E1 /* 20.png */; };
		EDF2D3371E62809400D152E1 /* 21.png in Resources */ = {isa = PBXBuildFile; fileRef = EDF2D2B31E62809400D152E1 /* 21.png */; };
		EDF2D3381E62809400D152E1 /* 22.png in Resources */ = {isa = PBXBuildFile; fileRef = EDF2D2B41E62809400D152E1 /* 22.png */; };
		EDF2D3391E62809400D152E1 /* 23.png in Resources */ = {isa = PBXBuildFile; fileRef = EDF2D2B51E62809400D152E1 /* 23.png */; };
		EDF2D33A1E62809400D152E1 /* 24.png in Resources */ = {isa = PBXBuildFile; fileRef = EDF2D2B61E62809400D152E1 /* 24.png */; };
		EDF2D33B1E62809400D152E1 /* 25.png in Resources */ = {isa = PBXBuildFile; fileRef = EDF2D2B71E62809400D152E1 /* 25.png */; };
		EDF2D33C1E62809400D152E1 /* 26.png in Resources */ = {isa = PBXBuildFile; fileRef = EDF2D2B81E62809400D152E1 /* 26.png */; };
		EDF2D33D1E62809400D152E1 /* 27.png in Resources */ = {isa = PBXBuildFile; fileRef = EDF2D2B91E62809400D152E1 /* 27.png */; };
		EDF2D33E1E62809400D152E1 /* 28.png in Resources */ = {isa = PBXBuildFile; fileRef = EDF2D2BA1E62809400D152E1 /* 28.png */; };
		EDF2D33F1E62809400D152E1 /* 29.png in Resources */ = {isa = PBXBuildFile; fileRef = EDF2D2BB1E62809400D152E1 /* 29.png */; };
		EDF2D3401E62809400D152E1 /* 3.png in Resources */ = {isa = PBXBuildFile; fileRef = EDF2D2BC1E62809400D152E1 /* 3.png */; };
		EDF2D3411E62809400D152E1 /* 30.png in Resources */ = {isa = PBXBuildFile; fileRef = EDF2D2BD1E62809400D152E1 /* 30.png */; };
		EDF2D3421E62809400D152E1 /* 31.png in Resources */ = {isa = PBXBuildFile; fileRef = EDF2D2BE1E62809400D152E1 /* 31.png */; };
		EDF2D3431E62809400D152E1 /* 32.png in Resources */ = {isa = PBXBuildFile; fileRef = EDF2D2BF1E62809400D152E1 /* 32.png */; };
		EDF2D3441E62809400D152E1 /* 33.png in Resources */ = {isa = PBXBuildFile; fileRef = EDF2D2C01E62809400D152E1 /* 33.png */; };
		EDF2D3451E62809400D152E1 /* 34.png in Resources */ = {isa = PBXBuildFile; fileRef = EDF2D2C11E62809400D152E1 /* 34.png */; };
		EDF2D3461E62809400D152E1 /* 35.png in Resources */ = {isa = PBXBuildFile; fileRef = EDF2D2C21E62809400D152E1 /* 35.png */; };
		EDF2D3471E62809400D152E1 /* 36.png in Resources */ = {isa = PBXBuildFile; fileRef = EDF2D2C31E62809400D152E1 /* 36.png */; };
		EDF2D3481E62809400D152E1 /* 37.png in Resources */ = {isa = PBXBuildFile; fileRef = EDF2D2C41E62809400D152E1 /* 37.png */; };
		EDF2D3491E62809400D152E1 /* 38.png in Resources */ = {isa = PBXBuildFile; fileRef = EDF2D2C51E62809400D152E1 /* 38.png */; };
		EDF2D34A1E62809400D152E1 /* 39.png in Resources */ = {isa = PBXBuildFile; fileRef = EDF2D2C61E62809400D152E1 /* 39.png */; };
		EDF2D34B1E62809400D152E1 /* 4.png in Resources */ = {isa = PBXBuildFile; fileRef = EDF2D2C71E62809400D152E1 /* 4.png */; };
		EDF2D34C1E62809400D152E1 /* 40.png in Resources */ = {isa = PBXBuildFile; fileRef = EDF2D2C81E62809400D152E1 /* 40.png */; };
		EDF2D34D1E62809400D152E1 /* 41.png in Resources */ = {isa = PBXBuildFile; fileRef = EDF2D2C91E62809400D152E1 /* 41.png */; };
		EDF2D34E1E62809400D152E1 /* 42.png in Resources */ = {isa = PBXBuildFile; fileRef = EDF2D2CA1E62809400D152E1 /* 42.png */; };
		EDF2D34F1E62809400D152E1 /* 43.png in Resources */ = {isa = PBXBuildFile; fileRef = EDF2D2CB1E62809400D152E1 /* 43.png */; };
		EDF2D3501E62809400D152E1 /* 44.png in Resources */ = {isa = PBXBuildFile; fileRef = EDF2D2CC1E62809400D152E1 /* 44.png */; };
		EDF2D3511E62809400D152E1 /* 45.png in Resources */ = {isa = PBXBuildFile; fileRef = EDF2D2CD1E62809400D152E1 /* 45.png */; };
		EDF2D3521E62809400D152E1 /* 46.png in Resources */ = {isa = PBXBuildFile; fileRef = EDF2D2CE1E62809400D152E1 /* 46.png */; };
		EDF2D3531E62809400D152E1 /* 47.png in Resources */ = {isa = PBXBuildFile; fileRef = EDF2D2CF1E62809400D152E1 /* 47.png */; };
		EDF2D3541E62809400D152E1 /* 48.png in Resources */ = {isa = PBXBuildFile; fileRef = EDF2D2D01E62809400D152E1 /* 48.png */; };
		EDF2D3551E62809400D152E1 /* 49.png in Resources */ = {isa = PBXBuildFile; fileRef = EDF2D2D11E62809400D152E1 /* 49.png */; };
		EDF2D3561E62809400D152E1 /* 5.png in Resources */ = {isa = PBXBuildFile; fileRef = EDF2D2D21E62809400D152E1 /* 5.png */; };
		EDF2D3571E62809400D152E1 /* 50.png in Resources */ = {isa = PBXBuildFile; fileRef = EDF2D2D31E62809400D152E1 /* 50.png */; };
		EDF2D3581E62809400D152E1 /* 51.png in Resources */ = {isa = PBXBuildFile; fileRef = EDF2D2D41E62809400D152E1 /* 51.png */; };
		EDF2D3591E62809400D152E1 /* 52.png in Resources */ = {isa = PBXBuildFile; fileRef = EDF2D2D51E62809400D152E1 /* 52.png */; };
		EDF2D35A1E62809400D152E1 /* 53.png in Resources */ = {isa = PBXBuildFile; fileRef = EDF2D2D61E62809400D152E1 /* 53.png */; };
		EDF2D35B1E62809400D152E1 /* 54.png in Resources */ = {isa = PBXBuildFile; fileRef = EDF2D2D71E62809400D152E1 /* 54.png */; };
		EDF2D35C1E62809400D152E1 /* 55.png in Resources */ = {isa = PBXBuildFile; fileRef = EDF2D2D81E62809400D152E1 /* 55.png */; };
		EDF2D35D1E62809400D152E1 /* 56.png in Resources */ = {isa = PBXBuildFile; fileRef = EDF2D2D91E62809400D152E1 /* 56.png */; };
		EDF2D35E1E62809400D152E1 /* 57.png in Resources */ = {isa = PBXBuildFile; fileRef = EDF2D2DA1E62809400D152E1 /* 57.png */; };
		EDF2D35F1E62809400D152E1 /* 58.png in Resources */ = {isa = PBXBuildFile; fileRef = EDF2D2DB1E62809400D152E1 /* 58.png */; };
		EDF2D3601E62809400D152E1 /* 59.png in Resources */ = {isa = PBXBuildFile; fileRef = EDF2D2DC1E62809400D152E1 /* 59.png */; };
		EDF2D3611E62809400D152E1 /* 6.png in Resources */ = {isa = PBXBuildFile; fileRef = EDF2D2DD1E62809400D152E1 /* 6.png */; };
		EDF2D3621E62809400D152E1 /* 60.png in Resources */ = {isa = PBXBuildFile; fileRef = EDF2D2DE1E62809400D152E1 /* 60.png */; };
		EDF2D3631E62809400D152E1 /* 61.png in Resources */ = {isa = PBXBuildFile; fileRef = EDF2D2DF1E62809400D152E1 /* 61.png */; };
		EDF2D3641E62809400D152E1 /* 62.png in Resources */ = {isa = PBXBuildFile; fileRef = EDF2D2E01E62809400D152E1 /* 62.png */; };
		EDF2D3651E62809400D152E1 /* 63.png in Resources */ = {isa = PBXBuildFile; fileRef = EDF2D2E11E62809400D152E1 /* 63.png */; };
		EDF2D3661E62809400D152E1 /* 64.png in Resources */ = {isa = PBXBuildFile; fileRef = EDF2D2E21E62809400D152E1 /* 64.png */; };
		EDF2D3671E62809400D152E1 /* 65.png in Resources */ = {isa = PBXBuildFile; fileRef = EDF2D2E31E62809400D152E1 /* 65.png */; };
		EDF2D3681E62809400D152E1 /* 66.png in Resources */ = {isa = PBXBuildFile; fileRef = EDF2D2E41E62809400D152E1 /* 66.png */; };
		EDF2D3691E62809400D152E1 /* 67.png in Resources */ = {isa = PBXBuildFile; fileRef = EDF2D2E51E62809400D152E1 /* 67.png */; };
		EDF2D36A1E62809400D152E1 /* 68.png in Resources */ = {isa = PBXBuildFile; fileRef = EDF2D2E61E62809400D152E1 /* 68.png */; };
		EDF2D36B1E62809400D152E1 /* 69.png in Resources */ = {isa = PBXBuildFile; fileRef = EDF2D2E71E62809400D152E1 /* 69.png */; };
		EDF2D36C1E62809400D152E1 /* 7.png in Resources */ = {isa = PBXBuildFile; fileRef = EDF2D2E81E62809400D152E1 /* 7.png */; };
		EDF2D36D1E62809400D152E1 /* 70.png in Resources */ = {isa = PBXBuildFile; fileRef = EDF2D2E91E62809400D152E1 /* 70.png */; };
		EDF2D36E1E62809400D152E1 /* 71.png in Resources */ = {isa = PBXBuildFile; fileRef = EDF2D2EA1E62809400D152E1 /* 71.png */; };
		EDF2D36F1E62809400D152E1 /* 72.png in Resources */ = {isa = PBXBuildFile; fileRef = EDF2D2EB1E62809400D152E1 /* 72.png */; };
		EDF2D3701E62809400D152E1 /* 73.png in Resources */ = {isa = PBXBuildFile; fileRef = EDF2D2EC1E62809400D152E1 /* 73.png */; };
		EDF2D3711E62809400D152E1 /* 74.png in Resources */ = {isa = PBXBuildFile; fileRef = EDF2D2ED1E62809400D152E1 /* 74.png */; };
		EDF2D3721E62809400D152E1 /* 75.png in Resources */ = {isa = PBXBuildFile; fileRef = EDF2D2EE1E62809400D152E1 /* 75.png */; };
		EDF2D3731E62809400D152E1 /* 76.png in Resources */ = {isa = PBXBuildFile; fileRef = EDF2D2EF1E62809400D152E1 /* 76.png */; };
		EDF2D3741E62809400D152E1 /* 77.png in Resources */ = {isa = PBXBuildFile; fileRef = EDF2D2F01E62809400D152E1 /* 77.png */; };
		EDF2D3751E62809400D152E1 /* 78.png in Resources */ = {isa = PBXBuildFile; fileRef = EDF2D2F11E62809400D152E1 /* 78.png */; };
		EDF2D3761E62809400D152E1 /* 79.png in Resources */ = {isa = PBXBuildFile; fileRef = EDF2D2F21E62809400D152E1 /* 79.png */; };
		EDF2D3771E62809400D152E1 /* 8.png in Resources */ = {isa = PBXBuildFile; fileRef = EDF2D2F31E62809400D152E1 /* 8.png */; };
		EDF2D3781E62809400D152E1 /* 80.png in Resources */ = {isa = PBXBuildFile; fileRef = EDF2D2F41E62809400D152E1 /* 80.png */; };
		EDF2D3791E62809400D152E1 /* 81.png in Resources */ = {isa = PBXBuildFile; fileRef = EDF2D2F51E62809400D152E1 /* 81.png */; };
		EDF2D37A1E62809400D152E1 /* 82.png in Resources */ = {isa = PBXBuildFile; fileRef = EDF2D2F61E62809400D152E1 /* 82.png */; };
		EDF2D37B1E62809400D152E1 /* 83.png in Resources */ = {isa = PBXBuildFile; fileRef = EDF2D2F71E62809400D152E1 /* 83.png */; };
		EDF2D37C1E62809400D152E1 /* 84.png in Resources */ = {isa = PBXBuildFile; fileRef = EDF2D2F81E62809400D152E1 /* 84.png */; };
		EDF2D37D1E62809400D152E1 /* 85.png in Resources */ = {isa = PBXBuildFile; fileRef = EDF2D2F91E62809400D152E1 /* 85.png */; };
		EDF2D37E1E62809400D152E1 /* 86.png in Resources */ = {isa = PBXBuildFile; fileRef = EDF2D2FA1E62809400D152E1 /* 86.png */; };
		EDF2D37F1E62809400D152E1 /* 87.png in Resources */ = {isa = PBXBuildFile; fileRef = EDF2D2FB1E62809400D152E1 /* 87.png */; };
		EDF2D3801E62809400D152E1 /* 88.png in Resources */ = {isa = PBXBuildFile; fileRef = EDF2D2FC1E62809400D152E1 /* 88.png */; };
		EDF2D3811E62809400D152E1 /* 89.png in Resources */ = {isa = PBXBuildFile; fileRef = EDF2D2FD1E62809400D152E1 /* 89.png */; };
		EDF2D3821E62809400D152E1 /* 9.png in Resources */ = {isa = PBXBuildFile; fileRef = EDF2D2FE1E62809400D152E1 /* 9.png */; };
		EDF2D3831E62809400D152E1 /* 90.png in Resources */ = {isa = PBXBuildFile; fileRef = EDF2D2FF1E62809400D152E1 /* 90.png */; };
		EDF2D3841E62809400D152E1 /* 91.png in Resources */ = {isa = PBXBuildFile; fileRef = EDF2D3001E62809400D152E1 /* 91.png */; };
		EDF2D3851E62809400D152E1 /* 92.png in Resources */ = {isa = PBXBuildFile; fileRef = EDF2D3011E62809400D152E1 /* 92.png */; };
		EDF2D3861E62809400D152E1 /* 93.png in Resources */ = {isa = PBXBuildFile; fileRef = EDF2D3021E62809400D152E1 /* 93.png */; };
		EDF2D3871E62809400D152E1 /* 94.png in Resources */ = {isa = PBXBuildFile; fileRef = EDF2D3031E62809400D152E1 /* 94.png */; };
		EDF2D3881E62809400D152E1 /* 95.png in Resources */ = {isa = PBXBuildFile; fileRef = EDF2D3041E62809400D152E1 /* 95.png */; };
		EDF2D3891E62809400D152E1 /* 96.png in Resources */ = {isa = PBXBuildFile; fileRef = EDF2D3051E62809400D152E1 /* 96.png */; };
		EDF2D38A1E62809400D152E1 /* 97.png in Resources */ = {isa = PBXBuildFile; fileRef = EDF2D3061E62809400D152E1 /* 97.png */; };
		EDF2D38B1E62809400D152E1 /* 98.png in Resources */ = {isa = PBXBuildFile; fileRef = EDF2D3071E62809400D152E1 /* 98.png */; };
		EDF2D38C1E62809400D152E1 /* 99.png in Resources */ = {isa = PBXBuildFile; fileRef = EDF2D3081E62809400D152E1 /* 99.png */; };
		EDF2D38D1E62809400D152E1 /* Assets.xcassets in Resources */ = {isa = PBXBuildFile; fileRef = EDF2D30A1E62809400D152E1 /* Assets.xcassets */; };
		EDF2D38E1E62809400D152E1 /* BXPChatMoreOptionButton.swift in Sources */ = {isa = PBXBuildFile; fileRef = EDF2D30B1E62809400D152E1 /* BXPChatMoreOptionButton.swift */; };
		EDF2D38F1E62809400D152E1 /* BXPChatMoreOptionCollectionViewCell.swift in Sources */ = {isa = PBXBuildFile; fileRef = EDF2D30C1E62809400D152E1 /* BXPChatMoreOptionCollectionViewCell.swift */; };
		EDF2D3901E62809400D152E1 /* BXPChatMoreOptionView.swift in Sources */ = {isa = PBXBuildFile; fileRef = EDF2D30D1E62809400D152E1 /* BXPChatMoreOptionView.swift */; };
		EDF2D3911E62809400D152E1 /* BXPChatVideoRecordOptionsView.swift in Sources */ = {isa = PBXBuildFile; fileRef = EDF2D30E1E62809400D152E1 /* BXPChatVideoRecordOptionsView.swift */; };
		EDF2D3921E62809400D152E1 /* BXPImageEditViewController.swift in Sources */ = {isa = PBXBuildFile; fileRef = EDF2D30F1E62809400D152E1 /* BXPImageEditViewController.swift */; };
		EDF2D3931E62809400D152E1 /* BXPVideoRecordViewController.swift in Sources */ = {isa = PBXBuildFile; fileRef = EDF2D3101E62809400D152E1 /* BXPVideoRecordViewController.swift */; };
		EDF2D3941E62809400D152E1 /* BXPChatSoundsRecorder.swift in Sources */ = {isa = PBXBuildFile; fileRef = EDF2D3121E62809400D152E1 /* BXPChatSoundsRecorder.swift */; };
		EDF2D3951E62809400D152E1 /* BXPSoundsRecordTipView.swift in Sources */ = {isa = PBXBuildFile; fileRef = EDF2D3131E62809400D152E1 /* BXPSoundsRecordTipView.swift */; };
		EDF2D3961E62809400D152E1 /* BXPChatToolBar.swift in Sources */ = {isa = PBXBuildFile; fileRef = EDF2D3141E62809400D152E1 /* BXPChatToolBar.swift */; };
		EDF2D3971E62809400D152E1 /* BXPChatTextView.swift in Sources */ = {isa = PBXBuildFile; fileRef = EDF2D3161E62809400D152E1 /* BXPChatTextView.swift */; };
		EDF2D3981E62809400D152E1 /* chatToolBar-Info.plist in Resources */ = {isa = PBXBuildFile; fileRef = EDF2D3171E62809400D152E1 /* chatToolBar-Info.plist */; };
		EDF2D3991E62809400D152E1 /* AppDelegateCategory.swift in Sources */ = {isa = PBXBuildFile; fileRef = EDF2D3191E62809400D152E1 /* AppDelegateCategory.swift */; };
		EDF2D39A1E62809400D152E1 /* BXPEditableButton.swift in Sources */ = {isa = PBXBuildFile; fileRef = EDF2D31A1E62809400D152E1 /* BXPEditableButton.swift */; };
		EDF2D39B1E62809400D152E1 /* Assets.xcassets in Resources */ = {isa = PBXBuildFile; fileRef = EDF2D31C1E62809400D152E1 /* Assets.xcassets */; };
		EDF2D39C1E62809400D152E1 /* BXPChatViewController.swift in Sources */ = {isa = PBXBuildFile; fileRef = EDF2D31E1E62809400D152E1 /* BXPChatViewController.swift */; };
		EDF2D39D1E62809400D152E1 /* BXPChatMessageModel.swift in Sources */ = {isa = PBXBuildFile; fileRef = EDF2D3201E62809400D152E1 /* BXPChatMessageModel.swift */; };
		EDF2D39E1E62809400D152E1 /* BXPChatMessageCell.swift in Sources */ = {isa = PBXBuildFile; fileRef = EDF2D3221E62809400D152E1 /* BXPChatMessageCell.swift */; };
		EDF2D39F1E62809400D152E1 /* HomeTableViewController.swift in Sources */ = {isa = PBXBuildFile; fileRef = EDF2D3231E62809400D152E1 /* HomeTableViewController.swift */; };
/* End PBXBuildFile section */

/* Begin PBXContainerItemProxy section */
		EDF2D27F1E62803A00D152E1 /* PBXContainerItemProxy */ = {
			isa = PBXContainerItemProxy;
			containerPortal = EDF2D2621E62803A00D152E1 /* Project object */;
			proxyType = 1;
			remoteGlobalIDString = EDF2D2691E62803A00D152E1;
			remoteInfo = BXPChatToolBar;
		};
		EDF2D28A1E62803A00D152E1 /* PBXContainerItemProxy */ = {
			isa = PBXContainerItemProxy;
			containerPortal = EDF2D2621E62803A00D152E1 /* Project object */;
			proxyType = 1;
			remoteGlobalIDString = EDF2D2691E62803A00D152E1;
			remoteInfo = BXPChatToolBar;
		};
/* End PBXContainerItemProxy section */

/* Begin PBXFileReference section */
		EDF2D26A1E62803A00D152E1 /* BXPChatToolBar.app */ = {isa = PBXFileReference; explicitFileType = wrapper.application; includeInIndex = 0; path = BXPChatToolBar.app; sourceTree = BUILT_PRODUCTS_DIR; };
		EDF2D26D1E62803A00D152E1 /* AppDelegate.swift */ = {isa = PBXFileReference; lastKnownFileType = sourcecode.swift; path = AppDelegate.swift; sourceTree = "<group>"; };
		EDF2D2721E62803A00D152E1 /* Base */ = {isa = PBXFileReference; lastKnownFileType = file.storyboard; name = Base; path = Base.lproj/Main.storyboard; sourceTree = "<group>"; };
		EDF2D2741E62803A00D152E1 /* Assets.xcassets */ = {isa = PBXFileReference; lastKnownFileType = folder.assetcatalog; path = Assets.xcassets; sourceTree = "<group>"; };
		EDF2D2771E62803A00D152E1 /* Base */ = {isa = PBXFileReference; lastKnownFileType = file.storyboard; name = Base; path = Base.lproj/LaunchScreen.storyboard; sourceTree = "<group>"; };
		EDF2D2791E62803A00D152E1 /* Info.plist */ = {isa = PBXFileReference; lastKnownFileType = text.plist.xml; path = Info.plist; sourceTree = "<group>"; };
		EDF2D27E1E62803A00D152E1 /* BXPChatToolBarTests.xctest */ = {isa = PBXFileReference; explicitFileType = wrapper.cfbundle; includeInIndex = 0; path = BXPChatToolBarTests.xctest; sourceTree = BUILT_PRODUCTS_DIR; };
		EDF2D2821E62803A00D152E1 /* BXPChatToolBarTests.swift */ = {isa = PBXFileReference; lastKnownFileType = sourcecode.swift; path = BXPChatToolBarTests.swift; sourceTree = "<group>"; };
		EDF2D2841E62803A00D152E1 /* Info.plist */ = {isa = PBXFileReference; lastKnownFileType = text.plist.xml; path = Info.plist; sourceTree = "<group>"; };
		EDF2D2891E62803A00D152E1 /* BXPChatToolBarUITests.xctest */ = {isa = PBXFileReference; explicitFileType = wrapper.cfbundle; includeInIndex = 0; path = BXPChatToolBarUITests.xctest; sourceTree = BUILT_PRODUCTS_DIR; };
		EDF2D28D1E62803A00D152E1 /* BXPChatToolBarUITests.swift */ = {isa = PBXFileReference; lastKnownFileType = sourcecode.swift; path = BXPChatToolBarUITests.swift; sourceTree = "<group>"; };
		EDF2D28F1E62803A00D152E1 /* Info.plist */ = {isa = PBXFileReference; lastKnownFileType = text.plist.xml; path = Info.plist; sourceTree = "<group>"; };
		EDF2D29E1E62809400D152E1 /* Assets.xcassets */ = {isa = PBXFileReference; lastKnownFileType = folder.assetcatalog; path = Assets.xcassets; sourceTree = "<group>"; };
		EDF2D2A01E62809400D152E1 /* BXPChatFaceCollectionViewCell.swift */ = {isa = PBXFileReference; fileEncoding = 4; lastKnownFileType = sourcecode.swift; path = BXPChatFaceCollectionViewCell.swift; sourceTree = "<group>"; };
		EDF2D2A11E62809400D152E1 /* BXPChatFaceView.swift */ = {isa = PBXFileReference; fileEncoding = 4; lastKnownFileType = sourcecode.swift; path = BXPChatFaceView.swift; sourceTree = "<group>"; };
		EDF2D2A21E62809400D152E1 /* BXPFaceItemModel.swift */ = {isa = PBXFileReference; fileEncoding = 4; lastKnownFileType = sourcecode.swift; path = BXPFaceItemModel.swift; sourceTree = "<group>"; };
		EDF2D2A31E62809400D152E1 /* ChatSystemFaceConfig.plist */ = {isa = PBXFileReference; fileEncoding = 4; lastKnownFileType = text.plist.xml; path = ChatSystemFaceConfig.plist; sourceTree = "<group>"; };
		EDF2D2A51E62809400D152E1 /* 1.png */ = {isa = PBXFileReference; lastKnownFileType = image.png; path = 1.png; sourceTree = "<group>"; };
		EDF2D2A61E62809400D152E1 /* 10.png */ = {isa = PBXFileReference; lastKnownFileType = image.png; path = 10.png; sourceTree = "<group>"; };
		EDF2D2A71E62809400D152E1 /* 100.png */ = {isa = PBXFileReference; lastKnownFileType = image.png; path = 100.png; sourceTree = "<group>"; };
		EDF2D2A81E62809400D152E1 /* 11.png */ = {isa = PBXFileReference; lastKnownFileType = image.png; path = 11.png; sourceTree = "<group>"; };
		EDF2D2A91E62809400D152E1 /* 12.png */ = {isa = PBXFileReference; lastKnownFileType = image.png; path = 12.png; sourceTree = "<group>"; };
		EDF2D2AA1E62809400D152E1 /* 13.png */ = {isa = PBXFileReference; lastKnownFileType = image.png; path = 13.png; sourceTree = "<group>"; };
		EDF2D2AB1E62809400D152E1 /* 14.png */ = {isa = PBXFileReference; lastKnownFileType = image.png; path = 14.png; sourceTree = "<group>"; };
		EDF2D2AC1E62809400D152E1 /* 15.png */ = {isa = PBXFileReference; lastKnownFileType = image.png; path = 15.png; sourceTree = "<group>"; };
		EDF2D2AD1E62809400D152E1 /* 16.png */ = {isa = PBXFileReference; lastKnownFileType = image.png; path = 16.png; sourceTree = "<group>"; };
		EDF2D2AE1E62809400D152E1 /* 17.png */ = {isa = PBXFileReference; lastKnownFileType = image.png; path = 17.png; sourceTree = "<group>"; };
		EDF2D2AF1E62809400D152E1 /* 18.png */ = {isa = PBXFileReference; lastKnownFileType = image.png; path = 18.png; sourceTree = "<group>"; };
		EDF2D2B01E62809400D152E1 /* 19.png */ = {isa = PBXFileReference; lastKnownFileType = image.png; path = 19.png; sourceTree = "<group>"; };
		EDF2D2B11E62809400D152E1 /* 2.png */ = {isa = PBXFileReference; lastKnownFileType = image.png; path = 2.png; sourceTree = "<group>"; };
		EDF2D2B21E62809400D152E1 /* 20.png */ = {isa = PBXFileReference; lastKnownFileType = image.png; path = 20.png; sourceTree = "<group>"; };
		EDF2D2B31E62809400D152E1 /* 21.png */ = {isa = PBXFileReference; lastKnownFileType = image.png; path = 21.png; sourceTree = "<group>"; };
		EDF2D2B41E62809400D152E1 /* 22.png */ = {isa = PBXFileReference; lastKnownFileType = image.png; path = 22.png; sourceTree = "<group>"; };
		EDF2D2B51E62809400D152E1 /* 23.png */ = {isa = PBXFileReference; lastKnownFileType = image.png; path = 23.png; sourceTree = "<group>"; };
		EDF2D2B61E62809400D152E1 /* 24.png */ = {isa = PBXFileReference; lastKnownFileType = image.png; path = 24.png; sourceTree = "<group>"; };
		EDF2D2B71E62809400D152E1 /* 25.png */ = {isa = PBXFileReference; lastKnownFileType = image.png; path = 25.png; sourceTree = "<group>"; };
		EDF2D2B81E62809400D152E1 /* 26.png */ = {isa = PBXFileReference; lastKnownFileType = image.png; path = 26.png; sourceTree = "<group>"; };
		EDF2D2B91E62809400D152E1 /* 27.png */ = {isa = PBXFileReference; lastKnownFileType = image.png; path = 27.png; sourceTree = "<group>"; };
		EDF2D2BA1E62809400D152E1 /* 28.png */ = {isa = PBXFileReference; lastKnownFileType = image.png; path = 28.png; sourceTree = "<group>"; };
		EDF2D2BB1E62809400D152E1 /* 29.png */ = {isa = PBXFileReference; lastKnownFileType = image.png; path = 29.png; sourceTree = "<group>"; };
		EDF2D2BC1E62809400D152E1 /* 3.png */ = {isa = PBXFileReference; lastKnownFileType = image.png; path = 3.png; sourceTree = "<group>"; };
		EDF2D2BD1E62809400D152E1 /* 30.png */ = {isa = PBXFileReference; lastKnownFileType = image.png; path = 30.png; sourceTree = "<group>"; };
		EDF2D2BE1E62809400D152E1 /* 31.png */ = {isa = PBXFileReference; lastKnownFileType = image.png; path = 31.png; sourceTree = "<group>"; };
		EDF2D2BF1E62809400D152E1 /* 32.png */ = {isa = PBXFileReference; lastKnownFileType = image.png; path = 32.png; sourceTree = "<group>"; };
		EDF2D2C01E62809400D152E1 /* 33.png */ = {isa = PBXFileReference; lastKnownFileType = image.png; path = 33.png; sourceTree = "<group>"; };
		EDF2D2C11E62809400D152E1 /* 34.png */ = {isa = PBXFileReference; lastKnownFileType = image.png; path = 34.png; sourceTree = "<group>"; };
		EDF2D2C21E62809400D152E1 /* 35.png */ = {isa = PBXFileReference; lastKnownFileType = image.png; path = 35.png; sourceTree = "<group>"; };
		EDF2D2C31E62809400D152E1 /* 36.png */ = {isa = PBXFileReference; lastKnownFileType = image.png; path = 36.png; sourceTree = "<group>"; };
		EDF2D2C41E62809400D152E1 /* 37.png */ = {isa = PBXFileReference; lastKnownFileType = image.png; path = 37.png; sourceTree = "<group>"; };
		EDF2D2C51E62809400D152E1 /* 38.png */ = {isa = PBXFileReference; lastKnownFileType = image.png; path = 38.png; sourceTree = "<group>"; };
		EDF2D2C61E62809400D152E1 /* 39.png */ = {isa = PBXFileReference; lastKnownFileType = image.png; path = 39.png; sourceTree = "<group>"; };
		EDF2D2C71E62809400D152E1 /* 4.png */ = {isa = PBXFileReference; lastKnownFileType = image.png; path = 4.png; sourceTree = "<group>"; };
		EDF2D2C81E62809400D152E1 /* 40.png */ = {isa = PBXFileReference; lastKnownFileType = image.png; path = 40.png; sourceTree = "<group>"; };
		EDF2D2C91E62809400D152E1 /* 41.png */ = {isa = PBXFileReference; lastKnownFileType = image.png; path = 41.png; sourceTree = "<group>"; };
		EDF2D2CA1E62809400D152E1 /* 42.png */ = {isa = PBXFileReference; lastKnownFileType = image.png; path = 42.png; sourceTree = "<group>"; };
		EDF2D2CB1E62809400D152E1 /* 43.png */ = {isa = PBXFileReference; lastKnownFileType = image.png; path = 43.png; sourceTree = "<group>"; };
		EDF2D2CC1E62809400D152E1 /* 44.png */ = {isa = PBXFileReference; lastKnownFileType = image.png; path = 44.png; sourceTree = "<group>"; };
		EDF2D2CD1E62809400D152E1 /* 45.png */ = {isa = PBXFileReference; lastKnownFileType = image.png; path = 45.png; sourceTree = "<group>"; };
		EDF2D2CE1E62809400D152E1 /* 46.png */ = {isa = PBXFileReference; lastKnownFileType = image.png; path = 46.png; sourceTree = "<group>"; };
		EDF2D2CF1E62809400D152E1 /* 47.png */ = {isa = PBXFileReference; lastKnownFileType = image.png; path = 47.png; sourceTree = "<group>"; };
		EDF2D2D01E62809400D152E1 /* 48.png */ = {isa = PBXFileReference; lastKnownFileType = image.png; path = 48.png; sourceTree = "<group>"; };
		EDF2D2D11E62809400D152E1 /* 49.png */ = {isa = PBXFileReference; lastKnownFileType = image.png; path = 49.png; sourceTree = "<group>"; };
		EDF2D2D21E62809400D152E1 /* 5.png */ = {isa = PBXFileReference; lastKnownFileType = image.png; path = 5.png; sourceTree = "<group>"; };
		EDF2D2D31E62809400D152E1 /* 50.png */ = {isa = PBXFileReference; lastKnownFileType = image.png; path = 50.png; sourceTree = "<group>"; };
		EDF2D2D41E62809400D152E1 /* 51.png */ = {isa = PBXFileReference; lastKnownFileType = image.png; path = 51.png; sourceTree = "<group>"; };
		EDF2D2D51E62809400D152E1 /* 52.png */ = {isa = PBXFileReference; lastKnownFileType = image.png; path = 52.png; sourceTree = "<group>"; };
		EDF2D2D61E62809400D152E1 /* 53.png */ = {isa = PBXFileReference; lastKnownFileType = image.png; path = 53.png; sourceTree = "<group>"; };
		EDF2D2D71E62809400D152E1 /* 54.png */ = {isa = PBXFileReference; lastKnownFileType = image.png; path = 54.png; sourceTree = "<group>"; };
		EDF2D2D81E62809400D152E1 /* 55.png */ = {isa = PBXFileReference; lastKnownFileType = image.png; path = 55.png; sourceTree = "<group>"; };
		EDF2D2D91E62809400D152E1 /* 56.png */ = {isa = PBXFileReference; lastKnownFileType = image.png; path = 56.png; sourceTree = "<group>"; };
		EDF2D2DA1E62809400D152E1 /* 57.png */ = {isa = PBXFileReference; lastKnownFileType = image.png; path = 57.png; sourceTree = "<group>"; };
		EDF2D2DB1E62809400D152E1 /* 58.png */ = {isa = PBXFileReference; lastKnownFileType = image.png; path = 58.png; sourceTree = "<group>"; };
		EDF2D2DC1E62809400D152E1 /* 59.png */ = {isa = PBXFileReference; lastKnownFileType = image.png; path = 59.png; sourceTree = "<group>"; };
		EDF2D2DD1E62809400D152E1 /* 6.png */ = {isa = PBXFileReference; lastKnownFileType = image.png; path = 6.png; sourceTree = "<group>"; };
		EDF2D2DE1E62809400D152E1 /* 60.png */ = {isa = PBXFileReference; lastKnownFileType = image.png; path = 60.png; sourceTree = "<group>"; };
		EDF2D2DF1E62809400D152E1 /* 61.png */ = {isa = PBXFileReference; lastKnownFileType = image.png; path = 61.png; sourceTree = "<group>"; };
		EDF2D2E01E62809400D152E1 /* 62.png */ = {isa = PBXFileReference; lastKnownFileType = image.png; path = 62.png; sourceTree = "<group>"; };
		EDF2D2E11E62809400D152E1 /* 63.png */ = {isa = PBXFileReference; lastKnownFileType = image.png; path = 63.png; sourceTree = "<group>"; };
		EDF2D2E21E62809400D152E1 /* 64.png */ = {isa = PBXFileReference; lastKnownFileType = image.png; path = 64.png; sourceTree = "<group>"; };
		EDF2D2E31E62809400D152E1 /* 65.png */ = {isa = PBXFileReference; lastKnownFileType = image.png; path = 65.png; sourceTree = "<group>"; };
		EDF2D2E41E62809400D152E1 /* 66.png */ = {isa = PBXFileReference; lastKnownFileType = image.png; path = 66.png; sourceTree = "<group>"; };
		EDF2D2E51E62809400D152E1 /* 67.png */ = {isa = PBXFileReference; lastKnownFileType = image.png; path = 67.png; sourceTree = "<group>"; };
		EDF2D2E61E62809400D152E1 /* 68.png */ = {isa = PBXFileReference; lastKnownFileType = image.png; path = 68.png; sourceTree = "<group>"; };
		EDF2D2E71E62809400D152E1 /* 69.png */ = {isa = PBXFileReference; lastKnownFileType = image.png; path = 69.png; sourceTree = "<group>"; };
		EDF2D2E81E62809400D152E1 /* 7.png */ = {isa = PBXFileReference; lastKnownFileType = image.png; path = 7.png; sourceTree = "<group>"; };
		EDF2D2E91E62809400D152E1 /* 70.png */ = {isa = PBXFileReference; lastKnownFileType = image.png; path = 70.png; sourceTree = "<group>"; };
		EDF2D2EA1E62809400D152E1 /* 71.png */ = {isa = PBXFileReference; lastKnownFileType = image.png; path = 71.png; sourceTree = "<group>"; };
		EDF2D2EB1E62809400D152E1 /* 72.png */ = {isa = PBXFileReference; lastKnownFileType = image.png; path = 72.png; sourceTree = "<group>"; };
		EDF2D2EC1E62809400D152E1 /* 73.png */ = {isa = PBXFileReference; lastKnownFileType = image.png; path = 73.png; sourceTree = "<group>"; };
		EDF2D2ED1E62809400D152E1 /* 74.png */ = {isa = PBXFileReference; lastKnownFileType = image.png; path = 74.png; sourceTree = "<group>"; };
		EDF2D2EE1E62809400D152E1 /* 75.png */ = {isa = PBXFileReference; lastKnownFileType = image.png; path = 75.png; sourceTree = "<group>"; };
		EDF2D2EF1E62809400D152E1 /* 76.png */ = {isa = PBXFileReference; lastKnownFileType = image.png; path = 76.png; sourceTree = "<group>"; };
		EDF2D2F01E62809400D152E1 /* 77.png */ = {isa = PBXFileReference; lastKnownFileType = image.png; path = 77.png; sourceTree = "<group>"; };
		EDF2D2F11E62809400D152E1 /* 78.png */ = {isa = PBXFileReference; lastKnownFileType = image.png; path = 78.png; sourceTree = "<group>"; };
		EDF2D2F21E62809400D152E1 /* 79.png */ = {isa = PBXFileReference; lastKnownFileType = image.png; path = 79.png; sourceTree = "<group>"; };
		EDF2D2F31E62809400D152E1 /* 8.png */ = {isa = PBXFileReference; lastKnownFileType = image.png; path = 8.png; sourceTree = "<group>"; };
		EDF2D2F41E62809400D152E1 /* 80.png */ = {isa = PBXFileReference; lastKnownFileType = image.png; path = 80.png; sourceTree = "<group>"; };
		EDF2D2F51E62809400D152E1 /* 81.png */ = {isa = PBXFileReference; lastKnownFileType = image.png; path = 81.png; sourceTree = "<group>"; };
		EDF2D2F61E62809400D152E1 /* 82.png */ = {isa = PBXFileReference; lastKnownFileType = image.png; path = 82.png; sourceTree = "<group>"; };
		EDF2D2F71E62809400D152E1 /* 83.png */ = {isa = PBXFileReference; lastKnownFileType = image.png; path = 83.png; sourceTree = "<group>"; };
		EDF2D2F81E62809400D152E1 /* 84.png */ = {isa = PBXFileReference; lastKnownFileType = image.png; path = 84.png; sourceTree = "<group>"; };
		EDF2D2F91E62809400D152E1 /* 85.png */ = {isa = PBXFileReference; lastKnownFileType = image.png; path = 85.png; sourceTree = "<group>"; };
		EDF2D2FA1E62809400D152E1 /* 86.png */ = {isa = PBXFileReference; lastKnownFileType = image.png; path = 86.png; sourceTree = "<group>"; };
		EDF2D2FB1E62809400D152E1 /* 87.png */ = {isa = PBXFileReference; lastKnownFileType = image.png; path = 87.png; sourceTree = "<group>"; };
		EDF2D2FC1E62809400D152E1 /* 88.png */ = {isa = PBXFileReference; lastKnownFileType = image.png; path = 88.png; sourceTree = "<group>"; };
		EDF2D2FD1E62809400D152E1 /* 89.png */ = {isa = PBXFileReference; lastKnownFileType = image.png; path = 89.png; sourceTree = "<group>"; };
		EDF2D2FE1E62809400D152E1 /* 9.png */ = {isa = PBXFileReference; lastKnownFileType = image.png; path = 9.png; sourceTree = "<group>"; };
		EDF2D2FF1E62809400D152E1 /* 90.png */ = {isa = PBXFileReference; lastKnownFileType = image.png; path = 90.png; sourceTree = "<group>"; };
		EDF2D3001E62809400D152E1 /* 91.png */ = {isa = PBXFileReference; lastKnownFileType = image.png; path = 91.png; sourceTree = "<group>"; };
		EDF2D3011E62809400D152E1 /* 92.png */ = {isa = PBXFileReference; lastKnownFileType = image.png; path = 92.png; sourceTree = "<group>"; };
		EDF2D3021E62809400D152E1 /* 93.png */ = {isa = PBXFileReference; lastKnownFileType = image.png; path = 93.png; sourceTree = "<group>"; };
		EDF2D3031E62809400D152E1 /* 94.png */ = {isa = PBXFileReference; lastKnownFileType = image.png; path = 94.png; sourceTree = "<group>"; };
		EDF2D3041E62809400D152E1 /* 95.png */ = {isa = PBXFileReference; lastKnownFileType = image.png; path = 95.png; sourceTree = "<group>"; };
		EDF2D3051E62809400D152E1 /* 96.png */ = {isa = PBXFileReference; lastKnownFileType = image.png; path = 96.png; sourceTree = "<group>"; };
		EDF2D3061E62809400D152E1 /* 97.png */ = {isa = PBXFileReference; lastKnownFileType = image.png; path = 97.png; sourceTree = "<group>"; };
		EDF2D3071E62809400D152E1 /* 98.png */ = {isa = PBXFileReference; lastKnownFileType = image.png; path = 98.png; sourceTree = "<group>"; };
		EDF2D3081E62809400D152E1 /* 99.png */ = {isa = PBXFileReference; lastKnownFileType = image.png; path = 99.png; sourceTree = "<group>"; };
		EDF2D30A1E62809400D152E1 /* Assets.xcassets */ = {isa = PBXFileReference; lastKnownFileType = folder.assetcatalog; path = Assets.xcassets; sourceTree = "<group>"; };
		EDF2D30B1E62809400D152E1 /* BXPChatMoreOptionButton.swift */ = {isa = PBXFileReference; fileEncoding = 4; lastKnownFileType = sourcecode.swift; path = BXPChatMoreOptionButton.swift; sourceTree = "<group>"; };
		EDF2D30C1E62809400D152E1 /* BXPChatMoreOptionCollectionViewCell.swift */ = {isa = PBXFileReference; fileEncoding = 4; lastKnownFileType = sourcecode.swift; path = BXPChatMoreOptionCollectionViewCell.swift; sourceTree = "<group>"; };
		EDF2D30D1E62809400D152E1 /* BXPChatMoreOptionView.swift */ = {isa = PBXFileReference; fileEncoding = 4; lastKnownFileType = sourcecode.swift; path = BXPChatMoreOptionView.swift; sourceTree = "<group>"; };
		EDF2D30E1E62809400D152E1 /* BXPChatVideoRecordOptionsView.swift */ = {isa = PBXFileReference; fileEncoding = 4; lastKnownFileType = sourcecode.swift; path = BXPChatVideoRecordOptionsView.swift; sourceTree = "<group>"; };
		EDF2D30F1E62809400D152E1 /* BXPImageEditViewController.swift */ = {isa = PBXFileReference; fileEncoding = 4; lastKnownFileType = sourcecode.swift; path = BXPImageEditViewController.swift; sourceTree = "<group>"; };
		EDF2D3101E62809400D152E1 /* BXPVideoRecordViewController.swift */ = {isa = PBXFileReference; fileEncoding = 4; lastKnownFileType = sourcecode.swift; path = BXPVideoRecordViewController.swift; sourceTree = "<group>"; };
		EDF2D3121E62809400D152E1 /* BXPChatSoundsRecorder.swift */ = {isa = PBXFileReference; fileEncoding = 4; lastKnownFileType = sourcecode.swift; path = BXPChatSoundsRecorder.swift; sourceTree = "<group>"; };
		EDF2D3131E62809400D152E1 /* BXPSoundsRecordTipView.swift */ = {isa = PBXFileReference; fileEncoding = 4; lastKnownFileType = sourcecode.swift; path = BXPSoundsRecordTipView.swift; sourceTree = "<group>"; };
		EDF2D3141E62809400D152E1 /* BXPChatToolBar.swift */ = {isa = PBXFileReference; fileEncoding = 4; lastKnownFileType = sourcecode.swift; path = BXPChatToolBar.swift; sourceTree = "<group>"; };
		EDF2D3161E62809400D152E1 /* BXPChatTextView.swift */ = {isa = PBXFileReference; fileEncoding = 4; lastKnownFileType = sourcecode.swift; path = BXPChatTextView.swift; sourceTree = "<group>"; };
		EDF2D3171E62809400D152E1 /* chatToolBar-Info.plist */ = {isa = PBXFileReference; fileEncoding = 4; lastKnownFileType = text.plist.xml; path = "chatToolBar-Info.plist"; sourceTree = "<group>"; };
		EDF2D3191E62809400D152E1 /* AppDelegateCategory.swift */ = {isa = PBXFileReference; fileEncoding = 4; lastKnownFileType = sourcecode.swift; path = AppDelegateCategory.swift; sourceTree = "<group>"; };
		EDF2D31A1E62809400D152E1 /* BXPEditableButton.swift */ = {isa = PBXFileReference; fileEncoding = 4; lastKnownFileType = sourcecode.swift; path = BXPEditableButton.swift; sourceTree = "<group>"; };
		EDF2D31C1E62809400D152E1 /* Assets.xcassets */ = {isa = PBXFileReference; lastKnownFileType = folder.assetcatalog; path = Assets.xcassets; sourceTree = "<group>"; };
		EDF2D31E1E62809400D152E1 /* BXPChatViewController.swift */ = {isa = PBXFileReference; fileEncoding = 4; lastKnownFileType = sourcecode.swift; path = BXPChatViewController.swift; sourceTree = "<group>"; };
		EDF2D3201E62809400D152E1 /* BXPChatMessageModel.swift */ = {isa = PBXFileReference; fileEncoding = 4; lastKnownFileType = sourcecode.swift; path = BXPChatMessageModel.swift; sourceTree = "<group>"; };
		EDF2D3221E62809400D152E1 /* BXPChatMessageCell.swift */ = {isa = PBXFileReference; fileEncoding = 4; lastKnownFileType = sourcecode.swift; path = BXPChatMessageCell.swift; sourceTree = "<group>"; };
		EDF2D3231E62809400D152E1 /* HomeTableViewController.swift */ = {isa = PBXFileReference; fileEncoding = 4; lastKnownFileType = sourcecode.swift; path = HomeTableViewController.swift; sourceTree = "<group>"; };
/* End PBXFileReference section */

/* Begin PBXFrameworksBuildPhase section */
		EDF2D2671E62803A00D152E1 /* Frameworks */ = {
			isa = PBXFrameworksBuildPhase;
			buildActionMask = 2147483647;
			files = (
			);
			runOnlyForDeploymentPostprocessing = 0;
		};
		EDF2D27B1E62803A00D152E1 /* Frameworks */ = {
			isa = PBXFrameworksBuildPhase;
			buildActionMask = 2147483647;
			files = (
			);
			runOnlyForDeploymentPostprocessing = 0;
		};
		EDF2D2861E62803A00D152E1 /* Frameworks */ = {
			isa = PBXFrameworksBuildPhase;
			buildActionMask = 2147483647;
			files = (
			);
			runOnlyForDeploymentPostprocessing = 0;
		};
/* End PBXFrameworksBuildPhase section */

/* Begin PBXGroup section */
		EDF2D2611E62803A00D152E1 = {
			isa = PBXGroup;
			children = (
				EDF2D26C1E62803A00D152E1 /* BXPChatToolBar */,
				EDF2D2811E62803A00D152E1 /* BXPChatToolBarTests */,
				EDF2D28C1E62803A00D152E1 /* BXPChatToolBarUITests */,
				EDF2D26B1E62803A00D152E1 /* Products */,
			);
			sourceTree = "<group>";
		};
		EDF2D26B1E62803A00D152E1 /* Products */ = {
			isa = PBXGroup;
			children = (
				EDF2D26A1E62803A00D152E1 /* BXPChatToolBar.app */,
				EDF2D27E1E62803A00D152E1 /* BXPChatToolBarTests.xctest */,
				EDF2D2891E62803A00D152E1 /* BXPChatToolBarUITests.xctest */,
			);
			name = Products;
			sourceTree = "<group>";
		};
		EDF2D26C1E62803A00D152E1 /* BXPChatToolBar */ = {
			isa = PBXGroup;
			children = (
				EDF2D29B1E62809400D152E1 /* Classes */,
				EDF2D3231E62809400D152E1 /* HomeTableViewController.swift */,
				EDF2D26D1E62803A00D152E1 /* AppDelegate.swift */,
				EDF2D2711E62803A00D152E1 /* Main.storyboard */,
				EDF2D2741E62803A00D152E1 /* Assets.xcassets */,
				EDF2D2761E62803A00D152E1 /* LaunchScreen.storyboard */,
				EDF2D2791E62803A00D152E1 /* Info.plist */,
			);
			path = BXPChatToolBar;
			sourceTree = "<group>";
		};
		EDF2D2811E62803A00D152E1 /* BXPChatToolBarTests */ = {
			isa = PBXGroup;
			children = (
				EDF2D2821E62803A00D152E1 /* BXPChatToolBarTests.swift */,
				EDF2D2841E62803A00D152E1 /* Info.plist */,
			);
			path = BXPChatToolBarTests;
			sourceTree = "<group>";
		};
		EDF2D28C1E62803A00D152E1 /* BXPChatToolBarUITests */ = {
			isa = PBXGroup;
			children = (
				EDF2D28D1E62803A00D152E1 /* BXPChatToolBarUITests.swift */,
				EDF2D28F1E62803A00D152E1 /* Info.plist */,
			);
			path = BXPChatToolBarUITests;
			sourceTree = "<group>";
		};
		EDF2D29B1E62809400D152E1 /* Classes */ = {
			isa = PBXGroup;
			children = (
				EDF2D29C1E62809400D152E1 /* BXPChat */,
			);
			path = Classes;
			sourceTree = "<group>";
		};
		EDF2D29C1E62809400D152E1 /* BXPChat */ = {
			isa = PBXGroup;
			children = (
				EDF2D31B1E62809400D152E1 /* BXPChatViewController */,
				EDF2D29D1E62809400D152E1 /* BXPChatToolBar */,
			);
			path = BXPChat;
			sourceTree = "<group>";
		};
		EDF2D29D1E62809400D152E1 /* BXPChatToolBar */ = {
			isa = PBXGroup;
			children = (
				EDF2D29E1E62809400D152E1 /* Assets.xcassets */,
				EDF2D29F1E62809400D152E1 /* BXPChatFaceView */,
				EDF2D3091E62809400D152E1 /* BXPChatMoreOptions */,
				EDF2D3111E62809400D152E1 /* BXPChatSoundsRecord */,
				EDF2D3141E62809400D152E1 /* BXPChatToolBar.swift */,
				EDF2D3151E62809400D152E1 /* ChatTextView */,
				EDF2D3171E62809400D152E1 /* chatToolBar-Info.plist */,
				EDF2D3181E62809400D152E1 /* Other */,
			);
			path = BXPChatToolBar;
			sourceTree = "<group>";
		};
		EDF2D29F1E62809400D152E1 /* BXPChatFaceView */ = {
			isa = PBXGroup;
			children = (
				EDF2D2A01E62809400D152E1 /* BXPChatFaceCollectionViewCell.swift */,
				EDF2D2A11E62809400D152E1 /* BXPChatFaceView.swift */,
				EDF2D2A21E62809400D152E1 /* BXPFaceItemModel.swift */,
				EDF2D2A31E62809400D152E1 /* ChatSystemFaceConfig.plist */,
				EDF2D2A41E62809400D152E1 /* PNG */,
			);
			path = BXPChatFaceView;
			sourceTree = "<group>";
		};
		EDF2D2A41E62809400D152E1 /* PNG */ = {
			isa = PBXGroup;
			children = (
				EDF2D2A51E62809400D152E1 /* 1.png */,
				EDF2D2A61E62809400D152E1 /* 10.png */,
				EDF2D2A71E62809400D152E1 /* 100.png */,
				EDF2D2A81E62809400D152E1 /* 11.png */,
				EDF2D2A91E62809400D152E1 /* 12.png */,
				EDF2D2AA1E62809400D152E1 /* 13.png */,
				EDF2D2AB1E62809400D152E1 /* 14.png */,
				EDF2D2AC1E62809400D152E1 /* 15.png */,
				EDF2D2AD1E62809400D152E1 /* 16.png */,
				EDF2D2AE1E62809400D152E1 /* 17.png */,
				EDF2D2AF1E62809400D152E1 /* 18.png */,
				EDF2D2B01E62809400D152E1 /* 19.png */,
				EDF2D2B11E62809400D152E1 /* 2.png */,
				EDF2D2B21E62809400D152E1 /* 20.png */,
				EDF2D2B31E62809400D152E1 /* 21.png */,
				EDF2D2B41E62809400D152E1 /* 22.png */,
				EDF2D2B51E62809400D152E1 /* 23.png */,
				EDF2D2B61E62809400D152E1 /* 24.png */,
				EDF2D2B71E62809400D152E1 /* 25.png */,
				EDF2D2B81E62809400D152E1 /* 26.png */,
				EDF2D2B91E62809400D152E1 /* 27.png */,
				EDF2D2BA1E62809400D152E1 /* 28.png */,
				EDF2D2BB1E62809400D152E1 /* 29.png */,
				EDF2D2BC1E62809400D152E1 /* 3.png */,
				EDF2D2BD1E62809400D152E1 /* 30.png */,
				EDF2D2BE1E62809400D152E1 /* 31.png */,
				EDF2D2BF1E62809400D152E1 /* 32.png */,
				EDF2D2C01E62809400D152E1 /* 33.png */,
				EDF2D2C11E62809400D152E1 /* 34.png */,
				EDF2D2C21E62809400D152E1 /* 35.png */,
				EDF2D2C31E62809400D152E1 /* 36.png */,
				EDF2D2C41E62809400D152E1 /* 37.png */,
				EDF2D2C51E62809400D152E1 /* 38.png */,
				EDF2D2C61E62809400D152E1 /* 39.png */,
				EDF2D2C71E62809400D152E1 /* 4.png */,
				EDF2D2C81E62809400D152E1 /* 40.png */,
				EDF2D2C91E62809400D152E1 /* 41.png */,
				EDF2D2CA1E62809400D152E1 /* 42.png */,
				EDF2D2CB1E62809400D152E1 /* 43.png */,
				EDF2D2CC1E62809400D152E1 /* 44.png */,
				EDF2D2CD1E62809400D152E1 /* 45.png */,
				EDF2D2CE1E62809400D152E1 /* 46.png */,
				EDF2D2CF1E62809400D152E1 /* 47.png */,
				EDF2D2D01E62809400D152E1 /* 48.png */,
				EDF2D2D11E62809400D152E1 /* 49.png */,
				EDF2D2D21E62809400D152E1 /* 5.png */,
				EDF2D2D31E62809400D152E1 /* 50.png */,
				EDF2D2D41E62809400D152E1 /* 51.png */,
				EDF2D2D51E62809400D152E1 /* 52.png */,
				EDF2D2D61E62809400D152E1 /* 53.png */,
				EDF2D2D71E62809400D152E1 /* 54.png */,
				EDF2D2D81E62809400D152E1 /* 55.png */,
				EDF2D2D91E62809400D152E1 /* 56.png */,
				EDF2D2DA1E62809400D152E1 /* 57.png */,
				EDF2D2DB1E62809400D152E1 /* 58.png */,
				EDF2D2DC1E62809400D152E1 /* 59.png */,
				EDF2D2DD1E62809400D152E1 /* 6.png */,
				EDF2D2DE1E62809400D152E1 /* 60.png */,
				EDF2D2DF1E62809400D152E1 /* 61.png */,
				EDF2D2E01E62809400D152E1 /* 62.png */,
				EDF2D2E11E62809400D152E1 /* 63.png */,
				EDF2D2E21E62809400D152E1 /* 64.png */,
				EDF2D2E31E62809400D152E1 /* 65.png */,
				EDF2D2E41E62809400D152E1 /* 66.png */,
				EDF2D2E51E62809400D152E1 /* 67.png */,
				EDF2D2E61E62809400D152E1 /* 68.png */,
				EDF2D2E71E62809400D152E1 /* 69.png */,
				EDF2D2E81E62809400D152E1 /* 7.png */,
				EDF2D2E91E62809400D152E1 /* 70.png */,
				EDF2D2EA1E62809400D152E1 /* 71.png */,
				EDF2D2EB1E62809400D152E1 /* 72.png */,
				EDF2D2EC1E62809400D152E1 /* 73.png */,
				EDF2D2ED1E62809400D152E1 /* 74.png */,
				EDF2D2EE1E62809400D152E1 /* 75.png */,
				EDF2D2EF1E62809400D152E1 /* 76.png */,
				EDF2D2F01E62809400D152E1 /* 77.png */,
				EDF2D2F11E62809400D152E1 /* 78.png */,
				EDF2D2F21E62809400D152E1 /* 79.png */,
				EDF2D2F31E62809400D152E1 /* 8.png */,
				EDF2D2F41E62809400D152E1 /* 80.png */,
				EDF2D2F51E62809400D152E1 /* 81.png */,
				EDF2D2F61E62809400D152E1 /* 82.png */,
				EDF2D2F71E62809400D152E1 /* 83.png */,
				EDF2D2F81E62809400D152E1 /* 84.png */,
				EDF2D2F91E62809400D152E1 /* 85.png */,
				EDF2D2FA1E62809400D152E1 /* 86.png */,
				EDF2D2FB1E62809400D152E1 /* 87.png */,
				EDF2D2FC1E62809400D152E1 /* 88.png */,
				EDF2D2FD1E62809400D152E1 /* 89.png */,
				EDF2D2FE1E62809400D152E1 /* 9.png */,
				EDF2D2FF1E62809400D152E1 /* 90.png */,
				EDF2D3001E62809400D152E1 /* 91.png */,
				EDF2D3011E62809400D152E1 /* 92.png */,
				EDF2D3021E62809400D152E1 /* 93.png */,
				EDF2D3031E62809400D152E1 /* 94.png */,
				EDF2D3041E62809400D152E1 /* 95.png */,
				EDF2D3051E62809400D152E1 /* 96.png */,
				EDF2D3061E62809400D152E1 /* 97.png */,
				EDF2D3071E62809400D152E1 /* 98.png */,
				EDF2D3081E62809400D152E1 /* 99.png */,
			);
			path = PNG;
			sourceTree = "<group>";
		};
		EDF2D3091E62809400D152E1 /* BXPChatMoreOptions */ = {
			isa = PBXGroup;
			children = (
				EDF2D30A1E62809400D152E1 /* Assets.xcassets */,
				EDF2D30B1E62809400D152E1 /* BXPChatMoreOptionButton.swift */,
				EDF2D30C1E62809400D152E1 /* BXPChatMoreOptionCollectionViewCell.swift */,
				EDF2D30D1E62809400D152E1 /* BXPChatMoreOptionView.swift */,
				EDF2D30E1E62809400D152E1 /* BXPChatVideoRecordOptionsView.swift */,
				EDF2D30F1E62809400D152E1 /* BXPImageEditViewController.swift */,
				EDF2D3101E62809400D152E1 /* BXPVideoRecordViewController.swift */,
			);
			path = BXPChatMoreOptions;
			sourceTree = "<group>";
		};
		EDF2D3111E62809400D152E1 /* BXPChatSoundsRecord */ = {
			isa = PBXGroup;
			children = (
				EDF2D3121E62809400D152E1 /* BXPChatSoundsRecorder.swift */,
				EDF2D3131E62809400D152E1 /* BXPSoundsRecordTipView.swift */,
			);
			path = BXPChatSoundsRecord;
			sourceTree = "<group>";
		};
		EDF2D3151E62809400D152E1 /* ChatTextView */ = {
			isa = PBXGroup;
			children = (
				EDF2D3161E62809400D152E1 /* BXPChatTextView.swift */,
			);
			path = ChatTextView;
			sourceTree = "<group>";
		};
		EDF2D3181E62809400D152E1 /* Other */ = {
			isa = PBXGroup;
			children = (
				EDF2D3191E62809400D152E1 /* AppDelegateCategory.swift */,
				EDF2D31A1E62809400D152E1 /* BXPEditableButton.swift */,
			);
			path = Other;
			sourceTree = "<group>";
		};
		EDF2D31B1E62809400D152E1 /* BXPChatViewController */ = {
			isa = PBXGroup;
			children = (
				EDF2D31C1E62809400D152E1 /* Assets.xcassets */,
				EDF2D31D1E62809400D152E1 /* Controller */,
				EDF2D31F1E62809400D152E1 /* model */,
				EDF2D3211E62809400D152E1 /* view */,
			);
			path = BXPChatViewController;
			sourceTree = "<group>";
		};
		EDF2D31D1E62809400D152E1 /* Controller */ = {
			isa = PBXGroup;
			children = (
				EDF2D31E1E62809400D152E1 /* BXPChatViewController.swift */,
			);
			path = Controller;
			sourceTree = "<group>";
		};
		EDF2D31F1E62809400D152E1 /* model */ = {
			isa = PBXGroup;
			children = (
				EDF2D3201E62809400D152E1 /* BXPChatMessageModel.swift */,
			);
			path = model;
			sourceTree = "<group>";
		};
		EDF2D3211E62809400D152E1 /* view */ = {
			isa = PBXGroup;
			children = (
				EDF2D3221E62809400D152E1 /* BXPChatMessageCell.swift */,
			);
			path = view;
			sourceTree = "<group>";
		};
/* End PBXGroup section */

/* Begin PBXNativeTarget section */
		EDF2D2691E62803A00D152E1 /* BXPChatToolBar */ = {
			isa = PBXNativeTarget;
			buildConfigurationList = EDF2D2921E62803A00D152E1 /* Build configuration list for PBXNativeTarget "BXPChatToolBar" */;
			buildPhases = (
				EDF2D2661E62803A00D152E1 /* Sources */,
				EDF2D2671E62803A00D152E1 /* Frameworks */,
				EDF2D2681E62803A00D152E1 /* Resources */,
			);
			buildRules = (
			);
			dependencies = (
			);
			name = BXPChatToolBar;
			productName = BXPChatToolBar;
			productReference = EDF2D26A1E62803A00D152E1 /* BXPChatToolBar.app */;
			productType = "com.apple.product-type.application";
		};
		EDF2D27D1E62803A00D152E1 /* BXPChatToolBarTests */ = {
			isa = PBXNativeTarget;
			buildConfigurationList = EDF2D2951E62803A00D152E1 /* Build configuration list for PBXNativeTarget "BXPChatToolBarTests" */;
			buildPhases = (
				EDF2D27A1E62803A00D152E1 /* Sources */,
				EDF2D27B1E62803A00D152E1 /* Frameworks */,
				EDF2D27C1E62803A00D152E1 /* Resources */,
			);
			buildRules = (
			);
			dependencies = (
				EDF2D2801E62803A00D152E1 /* PBXTargetDependency */,
			);
			name = BXPChatToolBarTests;
			productName = BXPChatToolBarTests;
			productReference = EDF2D27E1E62803A00D152E1 /* BXPChatToolBarTests.xctest */;
			productType = "com.apple.product-type.bundle.unit-test";
		};
		EDF2D2881E62803A00D152E1 /* BXPChatToolBarUITests */ = {
			isa = PBXNativeTarget;
			buildConfigurationList = EDF2D2981E62803A00D152E1 /* Build configuration list for PBXNativeTarget "BXPChatToolBarUITests" */;
			buildPhases = (
				EDF2D2851E62803A00D152E1 /* Sources */,
				EDF2D2861E62803A00D152E1 /* Frameworks */,
				EDF2D2871E62803A00D152E1 /* Resources */,
			);
			buildRules = (
			);
			dependencies = (
				EDF2D28B1E62803A00D152E1 /* PBXTargetDependency */,
			);
			name = BXPChatToolBarUITests;
			productName = BXPChatToolBarUITests;
			productReference = EDF2D2891E62803A00D152E1 /* BXPChatToolBarUITests.xctest */;
			productType = "com.apple.product-type.bundle.ui-testing";
		};
/* End PBXNativeTarget section */

/* Begin PBXProject section */
		EDF2D2621E62803A00D152E1 /* Project object */ = {
			isa = PBXProject;
			attributes = {
				LastSwiftUpdateCheck = 0820;
				LastUpgradeCheck = 0820;
				ORGANIZATIONNAME = "Boos－XP";
				TargetAttributes = {
					EDF2D2691E62803A00D152E1 = {
						CreatedOnToolsVersion = 8.2.1;
						DevelopmentTeam = NZHU78RU3K;
						ProvisioningStyle = Automatic;
					};
					EDF2D27D1E62803A00D152E1 = {
						CreatedOnToolsVersion = 8.2.1;
						DevelopmentTeam = NZHU78RU3K;
						ProvisioningStyle = Automatic;
						TestTargetID = EDF2D2691E62803A00D152E1;
					};
					EDF2D2881E62803A00D152E1 = {
						CreatedOnToolsVersion = 8.2.1;
						DevelopmentTeam = NZHU78RU3K;
						ProvisioningStyle = Automatic;
						TestTargetID = EDF2D2691E62803A00D152E1;
					};
				};
			};
			buildConfigurationList = EDF2D2651E62803A00D152E1 /* Build configuration list for PBXProject "BXPChatToolBar" */;
			compatibilityVersion = "Xcode 3.2";
			developmentRegion = English;
			hasScannedForEncodings = 0;
			knownRegions = (
				en,
				Base,
			);
			mainGroup = EDF2D2611E62803A00D152E1;
			productRefGroup = EDF2D26B1E62803A00D152E1 /* Products */;
			projectDirPath = "";
			projectRoot = "";
			targets = (
				EDF2D2691E62803A00D152E1 /* BXPChatToolBar */,
				EDF2D27D1E62803A00D152E1 /* BXPChatToolBarTests */,
				EDF2D2881E62803A00D152E1 /* BXPChatToolBarUITests */,
			);
		};
/* End PBXProject section */

/* Begin PBXResourcesBuildPhase section */
		EDF2D2681E62803A00D152E1 /* Resources */ = {
			isa = PBXResourcesBuildPhase;
			buildActionMask = 2147483647;
			files = (
				EDF2D3641E62809400D152E1 /* 62.png in Resources */,
				EDF2D3551E62809400D152E1 /* 49.png in Resources */,
				EDF2D3601E62809400D152E1 /* 59.png in Resources */,
				EDF2D3511E62809400D152E1 /* 45.png in Resources */,
				EDF2D33D1E62809400D152E1 /* 27.png in Resources */,
				EDF2D3661E62809400D152E1 /* 64.png in Resources */,
				EDF2D3371E62809400D152E1 /* 21.png in Resources */,
				EDF2D3681E62809400D152E1 /* 66.png in Resources */,
				EDF2D3381E62809400D152E1 /* 22.png in Resources */,
				EDF2D3531E62809400D152E1 /* 47.png in Resources */,
				EDF2D3801E62809400D152E1 /* 88.png in Resources */,
				EDF2D37D1E62809400D152E1 /* 85.png in Resources */,
				EDF2D3721E62809400D152E1 /* 75.png in Resources */,
				EDF2D36F1E62809400D152E1 /* 72.png in Resources */,
				EDF2D3811E62809400D152E1 /* 89.png in Resources */,
				EDF2D37C1E62809400D152E1 /* 84.png in Resources */,
				EDF2D3691E62809400D152E1 /* 67.png in Resources */,
				EDF2D3301E62809400D152E1 /* 15.png in Resources */,
				EDF2D3841E62809400D152E1 /* 91.png in Resources */,
				EDF2D32D1E62809400D152E1 /* 12.png in Resources */,
				EDF2D34E1E62809400D152E1 /* 42.png in Resources */,
				EDF2D3461E62809400D152E1 /* 35.png in Resources */,
				EDF2D35F1E62809400D152E1 /* 58.png in Resources */,
				EDF2D36B1E62809400D152E1 /* 69.png in Resources */,
				EDF2D3391E62809400D152E1 /* 23.png in Resources */,
				EDF2D37B1E62809400D152E1 /* 83.png in Resources */,
				EDF2D38B1E62809400D152E1 /* 98.png in Resources */,
				EDF2D3761E62809400D152E1 /* 79.png in Resources */,
				EDF2D3331E62809400D152E1 /* 18.png in Resources */,
				EDF2D3361E62809400D152E1 /* 20.png in Resources */,
				EDF2D3701E62809400D152E1 /* 73.png in Resources */,
				EDF2D3791E62809400D152E1 /* 81.png in Resources */,
				EDF2D38D1E62809400D152E1 /* Assets.xcassets in Resources */,
				EDF2D38A1E62809400D152E1 /* 97.png in Resources */,
				EDF2D33F1E62809400D152E1 /* 29.png in Resources */,
				EDF2D3751E62809400D152E1 /* 78.png in Resources */,
				EDF2D2781E62803A00D152E1 /* LaunchScreen.storyboard in Resources */,
				EDF2D37A1E62809400D152E1 /* 82.png in Resources */,
				EDF2D3831E62809400D152E1 /* 90.png in Resources */,
				EDF2D3411E62809400D152E1 /* 30.png in Resources */,
				EDF2D3491E62809400D152E1 /* 38.png in Resources */,
				EDF2D34A1E62809400D152E1 /* 39.png in Resources */,
				EDF2D32A1E62809400D152E1 /* 10.png in Resources */,
				EDF2D3651E62809400D152E1 /* 63.png in Resources */,
				EDF2D35E1E62809400D152E1 /* 57.png in Resources */,
				EDF2D36D1E62809400D152E1 /* 70.png in Resources */,
				EDF2D37E1E62809400D152E1 /* 86.png in Resources */,
				EDF2D36C1E62809400D152E1 /* 7.png in Resources */,
				EDF2D3401E62809400D152E1 /* 3.png in Resources */,
				EDF2D34D1E62809400D152E1 /* 41.png in Resources */,
				EDF2D3481E62809400D152E1 /* 37.png in Resources */,
				EDF2D36A1E62809400D152E1 /* 68.png in Resources */,
				EDF2D33E1E62809400D152E1 /* 28.png in Resources */,
				EDF2D3871E62809400D152E1 /* 94.png in Resources */,
				EDF2D3581E62809400D152E1 /* 51.png in Resources */,
				EDF2D3311E62809400D152E1 /* 16.png in Resources */,
				EDF2D3861E62809400D152E1 /* 93.png in Resources */,
				EDF2D3351E62809400D152E1 /* 2.png in Resources */,
				EDF2D3671E62809400D152E1 /* 65.png in Resources */,
				EDF2D3521E62809400D152E1 /* 46.png in Resources */,
				EDF2D3821E62809400D152E1 /* 9.png in Resources */,
				EDF2D3571E62809400D152E1 /* 50.png in Resources */,
				EDF2D3591E62809400D152E1 /* 52.png in Resources */,
				EDF2D3631E62809400D152E1 /* 61.png in Resources */,
				EDF2D3771E62809400D152E1 /* 8.png in Resources */,
				EDF2D2751E62803A00D152E1 /* Assets.xcassets in Resources */,
				EDF2D32B1E62809400D152E1 /* 100.png in Resources */,
				EDF2D34F1E62809400D152E1 /* 43.png in Resources */,
				EDF2D3881E62809400D152E1 /* 95.png in Resources */,
				EDF2D32E1E62809400D152E1 /* 13.png in Resources */,
				EDF2D32C1E62809400D152E1 /* 11.png in Resources */,
				EDF2D37F1E62809400D152E1 /* 87.png in Resources */,
				EDF2D35B1E62809400D152E1 /* 54.png in Resources */,
				EDF2D3891E62809400D152E1 /* 96.png in Resources */,
				EDF2D3981E62809400D152E1 /* chatToolBar-Info.plist in Resources */,
				EDF2D34C1E62809400D152E1 /* 40.png in Resources */,
				EDF2D3711E62809400D152E1 /* 74.png in Resources */,
				EDF2D3241E62809400D152E1 /* Assets.xcassets in Resources */,
				EDF2D3421E62809400D152E1 /* 31.png in Resources */,
				EDF2D33B1E62809400D152E1 /* 25.png in Resources */,
				EDF2D33A1E62809400D152E1 /* 24.png in Resources */,
				EDF2D34B1E62809400D152E1 /* 4.png in Resources */,
				EDF2D3611E62809400D152E1 /* 6.png in Resources */,
				EDF2D3321E62809400D152E1 /* 17.png in Resources */,
				EDF2D3441E62809400D152E1 /* 33.png in Resources */,
				EDF2D3561E62809400D152E1 /* 5.png in Resources */,
				EDF2D3851E62809400D152E1 /* 92.png in Resources */,
				EDF2D38C1E62809400D152E1 /* 99.png in Resources */,
				EDF2D3291E62809400D152E1 /* 1.png in Resources */,
				EDF2D33C1E62809400D152E1 /* 26.png in Resources */,
				EDF2D35A1E62809400D152E1 /* 53.png in Resources */,
				EDF2D3451E62809400D152E1 /* 34.png in Resources */,
				EDF2D3621E62809400D152E1 /* 60.png in Resources */,
				EDF2D35D1E62809400D152E1 /* 56.png in Resources */,
				EDF2D3281E62809400D152E1 /* ChatSystemFaceConfig.plist in Resources */,
				EDF2D3731E62809400D152E1 /* 76.png in Resources */,
				EDF2D35C1E62809400D152E1 /* 55.png in Resources */,
				EDF2D3341E62809400D152E1 /* 19.png in Resources */,
				EDF2D3501E62809400D152E1 /* 44.png in Resources */,
				EDF2D3541E62809400D152E1 /* 48.png in Resources */,
				EDF2D36E1E62809400D152E1 /* 71.png in Resources */,
				EDF2D3741E62809400D152E1 /* 77.png in Resources */,
				EDF2D3781E62809400D152E1 /* 80.png in Resources */,
				EDF2D32F1E62809400D152E1 /* 14.png in Resources */,
				EDF2D3431E62809400D152E1 /* 32.png in Resources */,
				EDF2D3471E62809400D152E1 /* 36.png in Resources */,
				EDF2D39B1E62809400D152E1 /* Assets.xcassets in Resources */,
				EDF2D2731E62803A00D152E1 /* Main.storyboard in Resources */,
			);
			runOnlyForDeploymentPostprocessing = 0;
		};
		EDF2D27C1E62803A00D152E1 /* Resources */ = {
			isa = PBXResourcesBuildPhase;
			buildActionMask = 2147483647;
			files = (
			);
			runOnlyForDeploymentPostprocessing = 0;
		};
		EDF2D2871E62803A00D152E1 /* Resources */ = {
			isa = PBXResourcesBuildPhase;
			buildActionMask = 2147483647;
			files = (
			);
			runOnlyForDeploymentPostprocessing = 0;
		};
/* End PBXResourcesBuildPhase section */

/* Begin PBXSourcesBuildPhase section */
		EDF2D2661E62803A00D152E1 /* Sources */ = {
			isa = PBXSourcesBuildPhase;
			buildActionMask = 2147483647;
			files = (
				EDF2D3261E62809400D152E1 /* BXPChatFaceView.swift in Sources */,
				EDF2D3951E62809400D152E1 /* BXPSoundsRecordTipView.swift in Sources */,
				EDF2D39E1E62809400D152E1 /* BXPChatMessageCell.swift in Sources */,
				EDF2D3931E62809400D152E1 /* BXPVideoRecordViewController.swift in Sources */,
				EDF2D26E1E62803A00D152E1 /* AppDelegate.swift in Sources */,
				EDF2D39A1E62809400D152E1 /* BXPEditableButton.swift in Sources */,
				EDF2D3971E62809400D152E1 /* BXPChatTextView.swift in Sources */,
				EDF2D3251E62809400D152E1 /* BXPChatFaceCollectionViewCell.swift in Sources */,
				EDF2D3961E62809400D152E1 /* BXPChatToolBar.swift in Sources */,
				EDF2D38E1E62809400D152E1 /* BXPChatMoreOptionButton.swift in Sources */,
				EDF2D38F1E62809400D152E1 /* BXPChatMoreOptionCollectionViewCell.swift in Sources */,
				EDF2D39C1E62809400D152E1 /* BXPChatViewController.swift in Sources */,
				EDF2D3921E62809400D152E1 /* BXPImageEditViewController.swift in Sources */,
				EDF2D3911E62809400D152E1 /* BXPChatVideoRecordOptionsView.swift in Sources */,
				EDF2D3271E62809400D152E1 /* BXPFaceItemModel.swift in Sources */,
				EDF2D3941E62809400D152E1 /* BXPChatSoundsRecorder.swift in Sources */,
				EDF2D39D1E62809400D152E1 /* BXPChatMessageModel.swift in Sources */,
				EDF2D39F1E62809400D152E1 /* HomeTableViewController.swift in Sources */,
				EDF2D3991E62809400D152E1 /* AppDelegateCategory.swift in Sources */,
				EDF2D3901E62809400D152E1 /* BXPChatMoreOptionView.swift in Sources */,
			);
			runOnlyForDeploymentPostprocessing = 0;
		};
		EDF2D27A1E62803A00D152E1 /* Sources */ = {
			isa = PBXSourcesBuildPhase;
			buildActionMask = 2147483647;
			files = (
				EDF2D2831E62803A00D152E1 /* BXPChatToolBarTests.swift in Sources */,
			);
			runOnlyForDeploymentPostprocessing = 0;
		};
		EDF2D2851E62803A00D152E1 /* Sources */ = {
			isa = PBXSourcesBuildPhase;
			buildActionMask = 2147483647;
			files = (
				EDF2D28E1E62803A00D152E1 /* BXPChatToolBarUITests.swift in Sources */,
			);
			runOnlyForDeploymentPostprocessing = 0;
		};
/* End PBXSourcesBuildPhase section */

/* Begin PBXTargetDependency section */
		EDF2D2801E62803A00D152E1 /* PBXTargetDependency */ = {
			isa = PBXTargetDependency;
			target = EDF2D2691E62803A00D152E1 /* BXPChatToolBar */;
			targetProxy = EDF2D27F1E62803A00D152E1 /* PBXContainerItemProxy */;
		};
		EDF2D28B1E62803A00D152E1 /* PBXTargetDependency */ = {
			isa = PBXTargetDependency;
			target = EDF2D2691E62803A00D152E1 /* BXPChatToolBar */;
			targetProxy = EDF2D28A1E62803A00D152E1 /* PBXContainerItemProxy */;
		};
/* End PBXTargetDependency section */

/* Begin PBXVariantGroup section */
		EDF2D2711E62803A00D152E1 /* Main.storyboard */ = {
			isa = PBXVariantGroup;
			children = (
				EDF2D2721E62803A00D152E1 /* Base */,
			);
			name = Main.storyboard;
			sourceTree = "<group>";
		};
		EDF2D2761E62803A00D152E1 /* LaunchScreen.storyboard */ = {
			isa = PBXVariantGroup;
			children = (
				EDF2D2771E62803A00D152E1 /* Base */,
			);
			name = LaunchScreen.storyboard;
			sourceTree = "<group>";
		};
/* End PBXVariantGroup section */

/* Begin XCBuildConfiguration section */
		EDF2D2901E62803A00D152E1 /* Debug */ = {
			isa = XCBuildConfiguration;
			buildSettings = {
				ALWAYS_SEARCH_USER_PATHS = NO;
				CLANG_ANALYZER_NONNULL = YES;
				CLANG_CXX_LANGUAGE_STANDARD = "gnu++0x";
				CLANG_CXX_LIBRARY = "libc++";
				CLANG_ENABLE_MODULES = YES;
				CLANG_ENABLE_OBJC_ARC = YES;
				CLANG_WARN_BOOL_CONVERSION = YES;
				CLANG_WARN_CONSTANT_CONVERSION = YES;
				CLANG_WARN_DIRECT_OBJC_ISA_USAGE = YES_ERROR;
				CLANG_WARN_DOCUMENTATION_COMMENTS = YES;
				CLANG_WARN_EMPTY_BODY = YES;
				CLANG_WARN_ENUM_CONVERSION = YES;
				CLANG_WARN_INFINITE_RECURSION = YES;
				CLANG_WARN_INT_CONVERSION = YES;
				CLANG_WARN_OBJC_ROOT_CLASS = YES_ERROR;
				CLANG_WARN_SUSPICIOUS_MOVE = YES;
				CLANG_WARN_UNREACHABLE_CODE = YES;
				CLANG_WARN__DUPLICATE_METHOD_MATCH = YES;
				"CODE_SIGN_IDENTITY[sdk=iphoneos*]" = "iPhone Developer";
				COPY_PHASE_STRIP = NO;
				DEBUG_INFORMATION_FORMAT = dwarf;
				ENABLE_STRICT_OBJC_MSGSEND = YES;
				ENABLE_TESTABILITY = YES;
				GCC_C_LANGUAGE_STANDARD = gnu99;
				GCC_DYNAMIC_NO_PIC = NO;
				GCC_NO_COMMON_BLOCKS = YES;
				GCC_OPTIMIZATION_LEVEL = 0;
				GCC_PREPROCESSOR_DEFINITIONS = (
					"DEBUG=1",
					"$(inherited)",
				);
				GCC_WARN_64_TO_32_BIT_CONVERSION = YES;
				GCC_WARN_ABOUT_RETURN_TYPE = YES_ERROR;
				GCC_WARN_UNDECLARED_SELECTOR = YES;
				GCC_WARN_UNINITIALIZED_AUTOS = YES_AGGRESSIVE;
				GCC_WARN_UNUSED_FUNCTION = YES;
				GCC_WARN_UNUSED_VARIABLE = YES;
				IPHONEOS_DEPLOYMENT_TARGET = 10.2;
				MTL_ENABLE_DEBUG_INFO = YES;
				ONLY_ACTIVE_ARCH = YES;
				SDKROOT = iphoneos;
				SWIFT_ACTIVE_COMPILATION_CONDITIONS = DEBUG;
				SWIFT_OPTIMIZATION_LEVEL = "-Onone";
				TARGETED_DEVICE_FAMILY = "1,2";
			};
			name = Debug;
		};
		EDF2D2911E62803A00D152E1 /* Release */ = {
			isa = XCBuildConfiguration;
			buildSettings = {
				ALWAYS_SEARCH_USER_PATHS = NO;
				CLANG_ANALYZER_NONNULL = YES;
				CLANG_CXX_LANGUAGE_STANDARD = "gnu++0x";
				CLANG_CXX_LIBRARY = "libc++";
				CLANG_ENABLE_MODULES = YES;
				CLANG_ENABLE_OBJC_ARC = YES;
				CLANG_WARN_BOOL_CONVERSION = YES;
				CLANG_WARN_CONSTANT_CONVERSION = YES;
				CLANG_WARN_DIRECT_OBJC_ISA_USAGE = YES_ERROR;
				CLANG_WARN_DOCUMENTATION_COMMENTS = YES;
				CLANG_WARN_EMPTY_BODY = YES;
				CLANG_WARN_ENUM_CONVERSION = YES;
				CLANG_WARN_INFINITE_RECURSION = YES;
				CLANG_WARN_INT_CONVERSION = YES;
				CLANG_WARN_OBJC_ROOT_CLASS = YES_ERROR;
				CLANG_WARN_SUSPICIOUS_MOVE = YES;
				CLANG_WARN_UNREACHABLE_CODE = YES;
				CLANG_WARN__DUPLICATE_METHOD_MATCH = YES;
				"CODE_SIGN_IDENTITY[sdk=iphoneos*]" = "iPhone Developer";
				COPY_PHASE_STRIP = NO;
				DEBUG_INFORMATION_FORMAT = "dwarf-with-dsym";
				ENABLE_NS_ASSERTIONS = NO;
				ENABLE_STRICT_OBJC_MSGSEND = YES;
				GCC_C_LANGUAGE_STANDARD = gnu99;
				GCC_NO_COMMON_BLOCKS = YES;
				GCC_WARN_64_TO_32_BIT_CONVERSION = YES;
				GCC_WARN_ABOUT_RETURN_TYPE = YES_ERROR;
				GCC_WARN_UNDECLARED_SELECTOR = YES;
				GCC_WARN_UNINITIALIZED_AUTOS = YES_AGGRESSIVE;
				GCC_WARN_UNUSED_FUNCTION = YES;
				GCC_WARN_UNUSED_VARIABLE = YES;
				IPHONEOS_DEPLOYMENT_TARGET = 10.2;
				MTL_ENABLE_DEBUG_INFO = NO;
				SDKROOT = iphoneos;
				SWIFT_OPTIMIZATION_LEVEL = "-Owholemodule";
				TARGETED_DEVICE_FAMILY = "1,2";
				VALIDATE_PRODUCT = YES;
			};
			name = Release;
		};
		EDF2D2931E62803A00D152E1 /* Debug */ = {
			isa = XCBuildConfiguration;
			buildSettings = {
				ASSETCATALOG_COMPILER_APPICON_NAME = AppIcon;
				DEVELOPMENT_TEAM = NZHU78RU3K;
				INFOPLIST_FILE = BXPChatToolBar/Info.plist;
				IPHONEOS_DEPLOYMENT_TARGET = 10.0;
				LD_RUNPATH_SEARCH_PATHS = "$(inherited) @executable_path/Frameworks";
				PRODUCT_BUNDLE_IDENTIFIER = com.xp.BXPChatToolBar;
				PRODUCT_NAME = "$(TARGET_NAME)";
				SWIFT_VERSION = 3.0;
			};
			name = Debug;
		};
		EDF2D2941E62803A00D152E1 /* Release */ = {
			isa = XCBuildConfiguration;
			buildSettings = {
				ASSETCATALOG_COMPILER_APPICON_NAME = AppIcon;
				DEVELOPMENT_TEAM = NZHU78RU3K;
				INFOPLIST_FILE = BXPChatToolBar/Info.plist;
				IPHONEOS_DEPLOYMENT_TARGET = 10.0;
				LD_RUNPATH_SEARCH_PATHS = "$(inherited) @executable_path/Frameworks";
				PRODUCT_BUNDLE_IDENTIFIER = com.xp.BXPChatToolBar;
				PRODUCT_NAME = "$(TARGET_NAME)";
				SWIFT_VERSION = 3.0;
			};
			name = Release;
		};
		EDF2D2961E62803A00D152E1 /* Debug */ = {
			isa = XCBuildConfiguration;
			buildSettings = {
				ALWAYS_EMBED_SWIFT_STANDARD_LIBRARIES = YES;
				BUNDLE_LOADER = "$(TEST_HOST)";
				DEVELOPMENT_TEAM = NZHU78RU3K;
				INFOPLIST_FILE = BXPChatToolBarTests/Info.plist;
				LD_RUNPATH_SEARCH_PATHS = "$(inherited) @executable_path/Frameworks @loader_path/Frameworks";
				PRODUCT_BUNDLE_IDENTIFIER = com.xp.BXPChatToolBarTests;
				PRODUCT_NAME = "$(TARGET_NAME)";
				SWIFT_VERSION = 3.0;
				TEST_HOST = "$(BUILT_PRODUCTS_DIR)/BXPChatToolBar.app/BXPChatToolBar";
			};
			name = Debug;
		};
		EDF2D2971E62803A00D152E1 /* Release */ = {
			isa = XCBuildConfiguration;
			buildSettings = {
				ALWAYS_EMBED_SWIFT_STANDARD_LIBRARIES = YES;
				BUNDLE_LOADER = "$(TEST_HOST)";
				DEVELOPMENT_TEAM = NZHU78RU3K;
				INFOPLIST_FILE = BXPChatToolBarTests/Info.plist;
				LD_RUNPATH_SEARCH_PATHS = "$(inherited) @executable_path/Frameworks @loader_path/Frameworks";
				PRODUCT_BUNDLE_IDENTIFIER = com.xp.BXPChatToolBarTests;
				PRODUCT_NAME = "$(TARGET_NAME)";
				SWIFT_VERSION = 3.0;
				TEST_HOST = "$(BUILT_PRODUCTS_DIR)/BXPChatToolBar.app/BXPChatToolBar";
			};
			name = Release;
		};
		EDF2D2991E62803A00D152E1 /* Debug */ = {
			isa = XCBuildConfiguration;
			buildSettings = {
				ALWAYS_EMBED_SWIFT_STANDARD_LIBRARIES = YES;
				DEVELOPMENT_TEAM = NZHU78RU3K;
				INFOPLIST_FILE = BXPChatToolBarUITests/Info.plist;
				LD_RUNPATH_SEARCH_PATHS = "$(inherited) @executable_path/Frameworks @loader_path/Frameworks";
				PRODUCT_BUNDLE_IDENTIFIER = com.xp.BXPChatToolBarUITests;
				PRODUCT_NAME = "$(TARGET_NAME)";
				SWIFT_VERSION = 3.0;
				TEST_TARGET_NAME = BXPChatToolBar;
			};
			name = Debug;
		};
		EDF2D29A1E62803A00D152E1 /* Release */ = {
			isa = XCBuildConfiguration;
			buildSettings = {
				ALWAYS_EMBED_SWIFT_STANDARD_LIBRARIES = YES;
				DEVELOPMENT_TEAM = NZHU78RU3K;
				INFOPLIST_FILE = BXPChatToolBarUITests/Info.plist;
				LD_RUNPATH_SEARCH_PATHS = "$(inherited) @executable_path/Frameworks @loader_path/Frameworks";
				PRODUCT_BUNDLE_IDENTIFIER = com.xp.BXPChatToolBarUITests;
				PRODUCT_NAME = "$(TARGET_NAME)";
				SWIFT_VERSION = 3.0;
				TEST_TARGET_NAME = BXPChatToolBar;
			};
			name = Release;
		};
/* End XCBuildConfiguration section */

/* Begin XCConfigurationList section */
		EDF2D2651E62803A00D152E1 /* Build configuration list for PBXProject "BXPChatToolBar" */ = {
			isa = XCConfigurationList;
			buildConfigurations = (
				EDF2D2901E62803A00D152E1 /* Debug */,
				EDF2D2911E62803A00D152E1 /* Release */,
			);
			defaultConfigurationIsVisible = 0;
			defaultConfigurationName = Release;
		};
		EDF2D2921E62803A00D152E1 /* Build configuration list for PBXNativeTarget "BXPChatToolBar" */ = {
			isa = XCConfigurationList;
			buildConfigurations = (
				EDF2D2931E62803A00D152E1 /* Debug */,
				EDF2D2941E62803A00D152E1 /* Release */,
			);
			defaultConfigurationIsVisible = 0;
			defaultConfigurationName = Release;
		};
		EDF2D2951E62803A00D152E1 /* Build configuration list for PBXNativeTarget "BXPChatToolBarTests" */ = {
			isa = XCConfigurationList;
			buildConfigurations = (
				EDF2D2961E62803A00D152E1 /* Debug */,
				EDF2D2971E62803A00D152E1 /* Release */,
			);
			defaultConfigurationIsVisible = 0;
			defaultConfigurationName = Release;
		};
		EDF2D2981E62803A00D152E1 /* Build configuration list for PBXNativeTarget "BXPChatToolBarUITests" */ = {
			isa = XCConfigurationList;
			buildConfigurations = (
				EDF2D2991E62803A00D152E1 /* Debug */,
				EDF2D29A1E62803A00D152E1 /* Release */,
			);
			defaultConfigurationIsVisible = 0;
			defaultConfigurationName = Release;
		};
/* End XCConfigurationList section */
	};
	rootObject = EDF2D2621E62803A00D152E1 /* Project object */;
}
